
Microsoft Visual Studio Solution File, Format Version 12.00
# Visual Studio 15
VisualStudioVersion = 15.0.27428.2015
MinimumVisualStudioVersion = 10.0.40219.1
Project("{FAE04EC0-301F-11D3-BF4B-00C04F79EFBC}") = "WeightApp", "WeightApp\WeightApp.csproj", "{FF8E2006-B661-42A8-A5C2-3D19494B9975}"
EndProject
Global
	GlobalSection(SolutionConfigurationPlatforms) = preSolution
		Debug|Any CPU = Debug|Any CPU
		Release|Any CPU = Release|Any CPU
	EndGlobalSection
	GlobalSection(ProjectConfigurationPlatforms) = postSolution
		{FF8E2006-B661-42A8-A5C2-3D19494B9975}.Debug|Any CPU.ActiveCfg = Debug|Any CPU
		{FF8E2006-B661-42A8-A5C2-3D19494B9975}.Debug|Any CPU.Build.0 = Debug|Any CPU
		{FF8E2006-B661-42A8-A5C2-3D19494B9975}.Release|Any CPU.ActiveCfg = Release|Any CPU
		{FF8E2006-B661-42A8-A5C2-3D19494B9975}.Release|Any CPU.Build.0 = Release|Any CPU
	EndGlobalSection
	GlobalSection(SolutionProperties) = preSolution
		HideSolutionNode = FALSE
	EndGlobalSection
	GlobalSection(ExtensibilityGlobals) = postSolution
		SolutionGuid = {4AC3CA46-9FA2-433F-969D-2E294DCC20EC}
	EndGlobalSection
EndGlobal
